
Microsoft Visual Studio Solution File, Format Version 12.00
# Visual Studio 15
VisualStudioVersion = 15.0.28010.2019
MinimumVisualStudioVersion = 10.0.40219.1
Project("{FAE04EC0-301F-11D3-BF4B-00C04F79EFBC}") = "RandomExample", "RandomExample\RandomExample.csproj", "{DFB605FC-161D-4595-A09B-9981D447970C}"
EndProject
Global
	GlobalSection(SolutionConfigurationPlatforms) = preSolution
		Debug|Any CPU = Debug|Any CPU
		Release|Any CPU = Release|Any CPU
	EndGlobalSection
	GlobalSection(ProjectConfigurationPlatforms) = postSolution
		{DFB605FC-161D-4595-A09B-9981D447970C}.Debug|Any CPU.ActiveCfg = Debug|Any CPU
		{DFB605FC-161D-4595-A09B-9981D447970C}.Debug|Any CPU.Build.0 = Debug|Any CPU
		{DFB605FC-161D-4595-A09B-9981D447970C}.Release|Any CPU.ActiveCfg = Release|Any CPU
		{DFB605FC-161D-4595-A09B-9981D447970C}.Release|Any CPU.Build.0 = Release|Any CPU
	EndGlobalSection
	GlobalSection(SolutionProperties) = preSolution
		HideSolutionNode = FALSE
	EndGlobalSection
	GlobalSection(ExtensibilityGlobals) = postSolution
		SolutionGuid = {23B6EC09-C54C-4291-A29D-0AD9D5ED83D5}
	EndGlobalSection
EndGlobal
