
Microsoft Visual Studio Solution File, Format Version 12.00
# Visual Studio 15
VisualStudioVersion = 15.0.27004.2009
MinimumVisualStudioVersion = 10.0.40219.1
Project("{FAE04EC0-301F-11D3-BF4B-00C04F79EFBC}") = "CSharp.Concurrency.WebApi", "CSharp.Concurrency.WebApi\CSharp.Concurrency.WebApi.csproj", "{C5C6DD09-0DDF-493E-8799-E4BDAD638A9D}"
EndProject
Project("{FAE04EC0-301F-11D3-BF4B-00C04F79EFBC}") = "CSharp.Concurrency.ClassLibrary", "CSharp.Concurrency.ClassLibrary\CSharp.Concurrency.ClassLibrary.csproj", "{494F4C77-98F3-4769-88BB-9AD1D2BEB36E}"
EndProject
Global
	GlobalSection(SolutionConfigurationPlatforms) = preSolution
		Debug|Any CPU = Debug|Any CPU
		Release|Any CPU = Release|Any CPU
	EndGlobalSection
	GlobalSection(ProjectConfigurationPlatforms) = postSolution
		{C5C6DD09-0DDF-493E-8799-E4BDAD638A9D}.Debug|Any CPU.ActiveCfg = Debug|Any CPU
		{C5C6DD09-0DDF-493E-8799-E4BDAD638A9D}.Debug|Any CPU.Build.0 = Debug|Any CPU
		{C5C6DD09-0DDF-493E-8799-E4BDAD638A9D}.Release|Any CPU.ActiveCfg = Release|Any CPU
		{C5C6DD09-0DDF-493E-8799-E4BDAD638A9D}.Release|Any CPU.Build.0 = Release|Any CPU
		{494F4C77-98F3-4769-88BB-9AD1D2BEB36E}.Debug|Any CPU.ActiveCfg = Debug|Any CPU
		{494F4C77-98F3-4769-88BB-9AD1D2BEB36E}.Debug|Any CPU.Build.0 = Debug|Any CPU
		{494F4C77-98F3-4769-88BB-9AD1D2BEB36E}.Release|Any CPU.ActiveCfg = Release|Any CPU
		{494F4C77-98F3-4769-88BB-9AD1D2BEB36E}.Release|Any CPU.Build.0 = Release|Any CPU
	EndGlobalSection
	GlobalSection(SolutionProperties) = preSolution
		HideSolutionNode = FALSE
	EndGlobalSection
	GlobalSection(ExtensibilityGlobals) = postSolution
		SolutionGuid = {890EE872-2D72-4092-BAF3-89A35D9C673B}
	EndGlobalSection
EndGlobal
