
Microsoft Visual Studio Solution File, Format Version 12.00
# Visual Studio 15
VisualStudioVersion = 15.0.28010.2046
MinimumVisualStudioVersion = 10.0.40219.1
Project("{FAE04EC0-301F-11D3-BF4B-00C04F79EFBC}") = "Nullable types", "..\Nullable types\Nullable types.csproj", "{C80E7D52-2A5F-4273-817B-9041CC2DD83E}"
EndProject
Global
	GlobalSection(SolutionConfigurationPlatforms) = preSolution
		Debug|Any CPU = Debug|Any CPU
		Release|Any CPU = Release|Any CPU
	EndGlobalSection
	GlobalSection(ProjectConfigurationPlatforms) = postSolution
		{C80E7D52-2A5F-4273-817B-9041CC2DD83E}.Debug|Any CPU.ActiveCfg = Debug|Any CPU
		{C80E7D52-2A5F-4273-817B-9041CC2DD83E}.Debug|Any CPU.Build.0 = Debug|Any CPU
		{C80E7D52-2A5F-4273-817B-9041CC2DD83E}.Release|Any CPU.ActiveCfg = Release|Any CPU
		{C80E7D52-2A5F-4273-817B-9041CC2DD83E}.Release|Any CPU.Build.0 = Release|Any CPU
	EndGlobalSection
	GlobalSection(SolutionProperties) = preSolution
		HideSolutionNode = FALSE
	EndGlobalSection
	GlobalSection(ExtensibilityGlobals) = postSolution
		SolutionGuid = {328F8F29-3A95-43A5-921D-C64527590549}
	EndGlobalSection
EndGlobal
