
Microsoft Visual Studio Solution File, Format Version 12.00
# Visual Studio 15
VisualStudioVersion = 15.0.27703.2035
MinimumVisualStudioVersion = 10.0.40219.1
Project("{FAE04EC0-301F-11D3-BF4B-00C04F79EFBC}") = "ApplyingAttributes", "ApplyingAttributes\ApplyingAttributes.csproj", "{4E869569-2911-446F-AEBE-77182B033DAF}"
EndProject
Project("{FAE04EC0-301F-11D3-BF4B-00C04F79EFBC}") = "WritingCustomAttributes", "WritingCustomAttributes\WritingCustomAttributes.csproj", "{BA91CF21-319D-4843-90D1-BA1DA3CFBC17}"
EndProject
Global
	GlobalSection(SolutionConfigurationPlatforms) = preSolution
		Debug|Any CPU = Debug|Any CPU
		Release|Any CPU = Release|Any CPU
	EndGlobalSection
	GlobalSection(ProjectConfigurationPlatforms) = postSolution
		{4E869569-2911-446F-AEBE-77182B033DAF}.Debug|Any CPU.ActiveCfg = Debug|Any CPU
		{4E869569-2911-446F-AEBE-77182B033DAF}.Debug|Any CPU.Build.0 = Debug|Any CPU
		{4E869569-2911-446F-AEBE-77182B033DAF}.Release|Any CPU.ActiveCfg = Release|Any CPU
		{4E869569-2911-446F-AEBE-77182B033DAF}.Release|Any CPU.Build.0 = Release|Any CPU
		{BA91CF21-319D-4843-90D1-BA1DA3CFBC17}.Debug|Any CPU.ActiveCfg = Debug|Any CPU
		{BA91CF21-319D-4843-90D1-BA1DA3CFBC17}.Debug|Any CPU.Build.0 = Debug|Any CPU
		{BA91CF21-319D-4843-90D1-BA1DA3CFBC17}.Release|Any CPU.ActiveCfg = Release|Any CPU
		{BA91CF21-319D-4843-90D1-BA1DA3CFBC17}.Release|Any CPU.Build.0 = Release|Any CPU
	EndGlobalSection
	GlobalSection(SolutionProperties) = preSolution
		HideSolutionNode = FALSE
	EndGlobalSection
	GlobalSection(ExtensibilityGlobals) = postSolution
		SolutionGuid = {01A0FB53-B932-441F-ACC4-5FD136417A93}
	EndGlobalSection
EndGlobal
