
Microsoft Visual Studio Solution File, Format Version 12.00
# Visual Studio 15
VisualStudioVersion = 15.0.27004.2002
MinimumVisualStudioVersion = 10.0.40219.1
Project("{FAE04EC0-301F-11D3-BF4B-00C04F79EFBC}") = "SpringNetConsoleApp", "SpringNetConsoleApp\SpringNetConsoleApp.csproj", "{94E55DD5-8301-482C-8401-5C9CCCECFC4B}"
EndProject
Project("{FAE04EC0-301F-11D3-BF4B-00C04F79EFBC}") = "SpringNet.Service", "SpringNet.Service\SpringNet.Service.csproj", "{653C9877-C867-4543-8A57-343DB71B4117}"
EndProject
Project("{FAE04EC0-301F-11D3-BF4B-00C04F79EFBC}") = "SpringNet.MVC", "SpringNet.MVC\SpringNet.MVC.csproj", "{6D94505F-3F46-4CD6-923E-5328B4C6F876}"
EndProject
Global
	GlobalSection(SolutionConfigurationPlatforms) = preSolution
		Debug|Any CPU = Debug|Any CPU
		Release|Any CPU = Release|Any CPU
	EndGlobalSection
	GlobalSection(ProjectConfigurationPlatforms) = postSolution
		{94E55DD5-8301-482C-8401-5C9CCCECFC4B}.Debug|Any CPU.ActiveCfg = Debug|Any CPU
		{94E55DD5-8301-482C-8401-5C9CCCECFC4B}.Debug|Any CPU.Build.0 = Debug|Any CPU
		{94E55DD5-8301-482C-8401-5C9CCCECFC4B}.Release|Any CPU.ActiveCfg = Release|Any CPU
		{94E55DD5-8301-482C-8401-5C9CCCECFC4B}.Release|Any CPU.Build.0 = Release|Any CPU
		{653C9877-C867-4543-8A57-343DB71B4117}.Debug|Any CPU.ActiveCfg = Debug|Any CPU
		{653C9877-C867-4543-8A57-343DB71B4117}.Debug|Any CPU.Build.0 = Debug|Any CPU
		{653C9877-C867-4543-8A57-343DB71B4117}.Release|Any CPU.ActiveCfg = Release|Any CPU
		{653C9877-C867-4543-8A57-343DB71B4117}.Release|Any CPU.Build.0 = Release|Any CPU
		{6D94505F-3F46-4CD6-923E-5328B4C6F876}.Debug|Any CPU.ActiveCfg = Debug|Any CPU
		{6D94505F-3F46-4CD6-923E-5328B4C6F876}.Debug|Any CPU.Build.0 = Debug|Any CPU
		{6D94505F-3F46-4CD6-923E-5328B4C6F876}.Release|Any CPU.ActiveCfg = Release|Any CPU
		{6D94505F-3F46-4CD6-923E-5328B4C6F876}.Release|Any CPU.Build.0 = Release|Any CPU
	EndGlobalSection
	GlobalSection(SolutionProperties) = preSolution
		HideSolutionNode = FALSE
	EndGlobalSection
	GlobalSection(ExtensibilityGlobals) = postSolution
		SolutionGuid = {1B7B258A-DB48-453E-815C-DA907F3B54CD}
	EndGlobalSection
EndGlobal
