
Microsoft Visual Studio Solution File, Format Version 12.00
# Visual Studio 15
VisualStudioVersion = 15.0.27130.2010
MinimumVisualStudioVersion = 10.0.40219.1
Project("{FAE04EC0-301F-11D3-BF4B-00C04F79EFBC}") = "QuartzNetCoreConsoleApp", "QuartzNetCoreConsoleApp\QuartzNetCoreConsoleApp.csproj", "{459AD7DA-6A66-4E20-89E0-EDF113DAC5EC}"
EndProject
Project("{FAE04EC0-301F-11D3-BF4B-00C04F79EFBC}") = "QuartzNetConsoleApp", "QuartzNetConsoleApp\QuartzNetConsoleApp.csproj", "{AAF30190-31BB-4994-BE55-B77884752641}"
EndProject
Global
	GlobalSection(SolutionConfigurationPlatforms) = preSolution
		Debug|Any CPU = Debug|Any CPU
		Release|Any CPU = Release|Any CPU
	EndGlobalSection
	GlobalSection(ProjectConfigurationPlatforms) = postSolution
		{459AD7DA-6A66-4E20-89E0-EDF113DAC5EC}.Debug|Any CPU.ActiveCfg = Debug|Any CPU
		{459AD7DA-6A66-4E20-89E0-EDF113DAC5EC}.Debug|Any CPU.Build.0 = Debug|Any CPU
		{459AD7DA-6A66-4E20-89E0-EDF113DAC5EC}.Release|Any CPU.ActiveCfg = Release|Any CPU
		{459AD7DA-6A66-4E20-89E0-EDF113DAC5EC}.Release|Any CPU.Build.0 = Release|Any CPU
		{AAF30190-31BB-4994-BE55-B77884752641}.Debug|Any CPU.ActiveCfg = Debug|Any CPU
		{AAF30190-31BB-4994-BE55-B77884752641}.Debug|Any CPU.Build.0 = Debug|Any CPU
		{AAF30190-31BB-4994-BE55-B77884752641}.Release|Any CPU.ActiveCfg = Release|Any CPU
		{AAF30190-31BB-4994-BE55-B77884752641}.Release|Any CPU.Build.0 = Release|Any CPU
	EndGlobalSection
	GlobalSection(SolutionProperties) = preSolution
		HideSolutionNode = FALSE
	EndGlobalSection
	GlobalSection(ExtensibilityGlobals) = postSolution
		SolutionGuid = {534EA635-87FA-4E45-9FE9-8470B79853E5}
	EndGlobalSection
EndGlobal
