
Microsoft Visual Studio Solution File, Format Version 12.00
# Visual Studio 15
VisualStudioVersion = 15.0.26730.16
MinimumVisualStudioVersion = 10.0.40219.1
Project("{FAE04EC0-301F-11D3-BF4B-00C04F79EFBC}") = "OpenSourceTools.Polly", "OpenSourceTools.Polly\OpenSourceTools.Polly.csproj", "{D42B36A5-A211-4B9F-88B9-87741108E282}"
EndProject
Project("{2150E333-8FDC-42A3-9474-1A3956D46DE8}") = "Polly", "Polly", "{6EF1D03A-4959-4310-BE7B-2F6D4969D5F0}"
EndProject
Project("{FAE04EC0-301F-11D3-BF4B-00C04F79EFBC}") = "OpenSourceTools.Polly.Demo", "OpenSourceTools.Polly.Demo\OpenSourceTools.Polly.Demo.csproj", "{02938361-E874-49DE-9C33-040DF568FFE8}"
EndProject
Global
	GlobalSection(SolutionConfigurationPlatforms) = preSolution
		Debug|Any CPU = Debug|Any CPU
		Release|Any CPU = Release|Any CPU
	EndGlobalSection
	GlobalSection(ProjectConfigurationPlatforms) = postSolution
		{D42B36A5-A211-4B9F-88B9-87741108E282}.Debug|Any CPU.ActiveCfg = Debug|Any CPU
		{D42B36A5-A211-4B9F-88B9-87741108E282}.Debug|Any CPU.Build.0 = Debug|Any CPU
		{D42B36A5-A211-4B9F-88B9-87741108E282}.Release|Any CPU.ActiveCfg = Release|Any CPU
		{D42B36A5-A211-4B9F-88B9-87741108E282}.Release|Any CPU.Build.0 = Release|Any CPU
		{02938361-E874-49DE-9C33-040DF568FFE8}.Debug|Any CPU.ActiveCfg = Debug|Any CPU
		{02938361-E874-49DE-9C33-040DF568FFE8}.Debug|Any CPU.Build.0 = Debug|Any CPU
		{02938361-E874-49DE-9C33-040DF568FFE8}.Release|Any CPU.ActiveCfg = Release|Any CPU
		{02938361-E874-49DE-9C33-040DF568FFE8}.Release|Any CPU.Build.0 = Release|Any CPU
	EndGlobalSection
	GlobalSection(SolutionProperties) = preSolution
		HideSolutionNode = FALSE
	EndGlobalSection
	GlobalSection(NestedProjects) = preSolution
		{D42B36A5-A211-4B9F-88B9-87741108E282} = {6EF1D03A-4959-4310-BE7B-2F6D4969D5F0}
		{02938361-E874-49DE-9C33-040DF568FFE8} = {6EF1D03A-4959-4310-BE7B-2F6D4969D5F0}
	EndGlobalSection
	GlobalSection(ExtensibilityGlobals) = postSolution
		SolutionGuid = {806CD9A7-DFEF-4A15-9461-A561985710E2}
	EndGlobalSection
EndGlobal
