
Microsoft Visual Studio Solution File, Format Version 12.00
# Visual Studio 15
VisualStudioVersion = 15.0.27130.2036
MinimumVisualStudioVersion = 10.0.40219.1
Project("{FAE04EC0-301F-11D3-BF4B-00C04F79EFBC}") = "Project.Framework.Data", "Project.Framework.Data\Project.Framework.Data.csproj", "{621F2791-316D-461A-9CE3-D4B506019B8D}"
EndProject
Project("{FAE04EC0-301F-11D3-BF4B-00C04F79EFBC}") = "Project.Framework.ConsoleApp", "Project.Framework.ConsoleApp\Project.Framework.ConsoleApp.csproj", "{32DDA963-5C64-4DAA-8230-4D6858F5AFB4}"
EndProject
Project("{FAE04EC0-301F-11D3-BF4B-00C04F79EFBC}") = "Project.WebAPI", "Project.WebAPI\Project.WebAPI.csproj", "{D3089C4F-675D-4FD5-B6DC-03130F0B2211}"
EndProject
Project("{FAE04EC0-301F-11D3-BF4B-00C04F79EFBC}") = "Project.WebMVC", "Project.WebMVC\Project.WebMVC.csproj", "{78913A2B-7F13-48F3-987F-E7BA89F32566}"
EndProject
Global
	GlobalSection(SolutionConfigurationPlatforms) = preSolution
		Debug|Any CPU = Debug|Any CPU
		Release|Any CPU = Release|Any CPU
	EndGlobalSection
	GlobalSection(ProjectConfigurationPlatforms) = postSolution
		{621F2791-316D-461A-9CE3-D4B506019B8D}.Debug|Any CPU.ActiveCfg = Debug|Any CPU
		{621F2791-316D-461A-9CE3-D4B506019B8D}.Debug|Any CPU.Build.0 = Debug|Any CPU
		{621F2791-316D-461A-9CE3-D4B506019B8D}.Release|Any CPU.ActiveCfg = Release|Any CPU
		{621F2791-316D-461A-9CE3-D4B506019B8D}.Release|Any CPU.Build.0 = Release|Any CPU
		{32DDA963-5C64-4DAA-8230-4D6858F5AFB4}.Debug|Any CPU.ActiveCfg = Debug|Any CPU
		{32DDA963-5C64-4DAA-8230-4D6858F5AFB4}.Debug|Any CPU.Build.0 = Debug|Any CPU
		{32DDA963-5C64-4DAA-8230-4D6858F5AFB4}.Release|Any CPU.ActiveCfg = Release|Any CPU
		{32DDA963-5C64-4DAA-8230-4D6858F5AFB4}.Release|Any CPU.Build.0 = Release|Any CPU
		{D3089C4F-675D-4FD5-B6DC-03130F0B2211}.Debug|Any CPU.ActiveCfg = Debug|Any CPU
		{D3089C4F-675D-4FD5-B6DC-03130F0B2211}.Debug|Any CPU.Build.0 = Debug|Any CPU
		{D3089C4F-675D-4FD5-B6DC-03130F0B2211}.Release|Any CPU.ActiveCfg = Release|Any CPU
		{D3089C4F-675D-4FD5-B6DC-03130F0B2211}.Release|Any CPU.Build.0 = Release|Any CPU
		{78913A2B-7F13-48F3-987F-E7BA89F32566}.Debug|Any CPU.ActiveCfg = Debug|Any CPU
		{78913A2B-7F13-48F3-987F-E7BA89F32566}.Debug|Any CPU.Build.0 = Debug|Any CPU
		{78913A2B-7F13-48F3-987F-E7BA89F32566}.Release|Any CPU.ActiveCfg = Release|Any CPU
		{78913A2B-7F13-48F3-987F-E7BA89F32566}.Release|Any CPU.Build.0 = Release|Any CPU
	EndGlobalSection
	GlobalSection(SolutionProperties) = preSolution
		HideSolutionNode = FALSE
	EndGlobalSection
	GlobalSection(ExtensibilityGlobals) = postSolution
		SolutionGuid = {BCC74296-FFDB-4B08-89F1-6365CF9C3EA0}
	EndGlobalSection
EndGlobal
