
Microsoft Visual Studio Solution File, Format Version 12.00
# Visual Studio 15
VisualStudioVersion = 15.0.27130.2036
MinimumVisualStudioVersion = 10.0.40219.1
Project("{FAE04EC0-301F-11D3-BF4B-00C04F79EFBC}") = "Project.Framework.Data", "Project.Framework.Data\Project.Framework.Data.csproj", "{621F2791-316D-461A-9CE3-D4B506019B8D}"
EndProject
Project("{FAE04EC0-301F-11D3-BF4B-00C04F79EFBC}") = "Project.Framework.ConsoleApp", "Project.Framework.ConsoleApp\Project.Framework.ConsoleApp.csproj", "{32DDA963-5C64-4DAA-8230-4D6858F5AFB4}"
EndProject
Project("{FAE04EC0-301F-11D3-BF4B-00C04F79EFBC}") = "Project.WebAPI", "Project.WebAPI\Project.WebAPI.csproj", "{D3089C4F-675D-4FD5-B6DC-03130F0B2211}"
EndProject
Project("{FAE04EC0-301F-11D3-BF4B-00C04F79EFBC}") = "Project.WebMVC", "Project.WebMVC\Project.WebMVC.csproj", "{78913A2B-7F13-48F3-987F-E7BA89F32566}"
EndProject
Project("{FAE04EC0-301F-11D3-BF4B-00C04F79EFBC}") = "Project.APIClient", "src\Client\Project.APIClient\Project.APIClient.csproj", "{2D42CD5B-7435-4F21-9B51-43BF81D487AB}"
EndProject
Project("{2150E333-8FDC-42A3-9474-1A3956D46DE8}") = "Client", "Client", "{7D4FC90D-D649-4E2C-B7A9-2237CB0A8386}"
EndProject
Project("{FAE04EC0-301F-11D3-BF4B-00C04F79EFBC}") = "JobExample", "src\WindowsService\JobExample\JobExample.csproj", "{3B2324F4-A52B-463B-880A-26AD271D904B}"
EndProject
Project("{2150E333-8FDC-42A3-9474-1A3956D46DE8}") = "Job", "Job", "{1F2E2F95-0C02-4C1F-B4DE-E3DDEB79C240}"
EndProject
Project("{FAE04EC0-301F-11D3-BF4B-00C04F79EFBC}") = "QuartzWeb", "src\QuartzWeb\QuartzWeb.csproj", "{9319FB7E-F6BF-41F8-A38A-CD5EC25C8A12}"
EndProject
Global
	GlobalSection(SolutionConfigurationPlatforms) = preSolution
		Debug|Any CPU = Debug|Any CPU
		Release|Any CPU = Release|Any CPU
	EndGlobalSection
	GlobalSection(ProjectConfigurationPlatforms) = postSolution
		{621F2791-316D-461A-9CE3-D4B506019B8D}.Debug|Any CPU.ActiveCfg = Debug|Any CPU
		{621F2791-316D-461A-9CE3-D4B506019B8D}.Debug|Any CPU.Build.0 = Debug|Any CPU
		{621F2791-316D-461A-9CE3-D4B506019B8D}.Release|Any CPU.ActiveCfg = Release|Any CPU
		{621F2791-316D-461A-9CE3-D4B506019B8D}.Release|Any CPU.Build.0 = Release|Any CPU
		{32DDA963-5C64-4DAA-8230-4D6858F5AFB4}.Debug|Any CPU.ActiveCfg = Debug|Any CPU
		{32DDA963-5C64-4DAA-8230-4D6858F5AFB4}.Debug|Any CPU.Build.0 = Debug|Any CPU
		{32DDA963-5C64-4DAA-8230-4D6858F5AFB4}.Release|Any CPU.ActiveCfg = Release|Any CPU
		{32DDA963-5C64-4DAA-8230-4D6858F5AFB4}.Release|Any CPU.Build.0 = Release|Any CPU
		{D3089C4F-675D-4FD5-B6DC-03130F0B2211}.Debug|Any CPU.ActiveCfg = Debug|Any CPU
		{D3089C4F-675D-4FD5-B6DC-03130F0B2211}.Debug|Any CPU.Build.0 = Debug|Any CPU
		{D3089C4F-675D-4FD5-B6DC-03130F0B2211}.Release|Any CPU.ActiveCfg = Release|Any CPU
		{D3089C4F-675D-4FD5-B6DC-03130F0B2211}.Release|Any CPU.Build.0 = Release|Any CPU
		{78913A2B-7F13-48F3-987F-E7BA89F32566}.Debug|Any CPU.ActiveCfg = Debug|Any CPU
		{78913A2B-7F13-48F3-987F-E7BA89F32566}.Debug|Any CPU.Build.0 = Debug|Any CPU
		{78913A2B-7F13-48F3-987F-E7BA89F32566}.Release|Any CPU.ActiveCfg = Release|Any CPU
		{78913A2B-7F13-48F3-987F-E7BA89F32566}.Release|Any CPU.Build.0 = Release|Any CPU
		{2D42CD5B-7435-4F21-9B51-43BF81D487AB}.Debug|Any CPU.ActiveCfg = Debug|Any CPU
		{2D42CD5B-7435-4F21-9B51-43BF81D487AB}.Debug|Any CPU.Build.0 = Debug|Any CPU
		{2D42CD5B-7435-4F21-9B51-43BF81D487AB}.Release|Any CPU.ActiveCfg = Release|Any CPU
		{2D42CD5B-7435-4F21-9B51-43BF81D487AB}.Release|Any CPU.Build.0 = Release|Any CPU
		{3B2324F4-A52B-463B-880A-26AD271D904B}.Debug|Any CPU.ActiveCfg = Debug|Any CPU
		{3B2324F4-A52B-463B-880A-26AD271D904B}.Debug|Any CPU.Build.0 = Debug|Any CPU
		{3B2324F4-A52B-463B-880A-26AD271D904B}.Release|Any CPU.ActiveCfg = Release|Any CPU
		{3B2324F4-A52B-463B-880A-26AD271D904B}.Release|Any CPU.Build.0 = Release|Any CPU
		{9319FB7E-F6BF-41F8-A38A-CD5EC25C8A12}.Debug|Any CPU.ActiveCfg = Debug|Any CPU
		{9319FB7E-F6BF-41F8-A38A-CD5EC25C8A12}.Debug|Any CPU.Build.0 = Debug|Any CPU
		{9319FB7E-F6BF-41F8-A38A-CD5EC25C8A12}.Release|Any CPU.ActiveCfg = Release|Any CPU
		{9319FB7E-F6BF-41F8-A38A-CD5EC25C8A12}.Release|Any CPU.Build.0 = Release|Any CPU
	EndGlobalSection
	GlobalSection(SolutionProperties) = preSolution
		HideSolutionNode = FALSE
	EndGlobalSection
	GlobalSection(NestedProjects) = preSolution
		{2D42CD5B-7435-4F21-9B51-43BF81D487AB} = {7D4FC90D-D649-4E2C-B7A9-2237CB0A8386}
		{3B2324F4-A52B-463B-880A-26AD271D904B} = {1F2E2F95-0C02-4C1F-B4DE-E3DDEB79C240}
		{9319FB7E-F6BF-41F8-A38A-CD5EC25C8A12} = {1F2E2F95-0C02-4C1F-B4DE-E3DDEB79C240}
	EndGlobalSection
	GlobalSection(ExtensibilityGlobals) = postSolution
		SolutionGuid = {BCC74296-FFDB-4B08-89F1-6365CF9C3EA0}
	EndGlobalSection
EndGlobal
