
Microsoft Visual Studio Solution File, Format Version 12.00
# Visual Studio 15
VisualStudioVersion = 15.0.27703.2035
MinimumVisualStudioVersion = 10.0.40219.1
Project("{2150E333-8FDC-42A3-9474-1A3956D46DE8}") = "asynchronization", "asynchronization", "{DA3E5D0B-4B00-4D2D-AD55-40C337ED2AFA}"
EndProject
Project("{FAE04EC0-301F-11D3-BF4B-00C04F79EFBC}") = "temp", "temp\temp.csproj", "{5CCA438B-D9C7-4036-B0E7-71A752A06BD7}"
EndProject
Global
	GlobalSection(SolutionConfigurationPlatforms) = preSolution
		Debug|Any CPU = Debug|Any CPU
		Release|Any CPU = Release|Any CPU
	EndGlobalSection
	GlobalSection(ProjectConfigurationPlatforms) = postSolution
		{5CCA438B-D9C7-4036-B0E7-71A752A06BD7}.Debug|Any CPU.ActiveCfg = Debug|Any CPU
		{5CCA438B-D9C7-4036-B0E7-71A752A06BD7}.Debug|Any CPU.Build.0 = Debug|Any CPU
		{5CCA438B-D9C7-4036-B0E7-71A752A06BD7}.Release|Any CPU.ActiveCfg = Release|Any CPU
		{5CCA438B-D9C7-4036-B0E7-71A752A06BD7}.Release|Any CPU.Build.0 = Release|Any CPU
	EndGlobalSection
	GlobalSection(SolutionProperties) = preSolution
		HideSolutionNode = FALSE
	EndGlobalSection
	GlobalSection(NestedProjects) = preSolution
		{5CCA438B-D9C7-4036-B0E7-71A752A06BD7} = {DA3E5D0B-4B00-4D2D-AD55-40C337ED2AFA}
	EndGlobalSection
	GlobalSection(ExtensibilityGlobals) = postSolution
		SolutionGuid = {1FBA6093-5193-4C5B-82AA-9EB1EBC68F2A}
	EndGlobalSection
EndGlobal
