
Microsoft Visual Studio Solution File, Format Version 12.00
# Visual Studio 15
VisualStudioVersion = 15.0.26430.16
MinimumVisualStudioVersion = 10.0.40219.1
Project("{FAE04EC0-301F-11D3-BF4B-00C04F79EFBC}") = "ThreeInheritance", "ThreeInheritance\ThreeInheritance.csproj", "{C70872DC-90CF-420A-B5FC-7239D5947D10}"
EndProject
Project("{FAE04EC0-301F-11D3-BF4B-00C04F79EFBC}") = "DataOperation", "DataOperation\DataOperation.csproj", "{C4C8CF8D-191B-4759-A89A-91DA32EDADC4}"
EndProject
Project("{FAE04EC0-301F-11D3-BF4B-00C04F79EFBC}") = "ViewsAndStoredProcedure", "ViewsAndStoredProcedure\ViewsAndStoredProcedure.csproj", "{151CFDB6-D9E4-42C1-8A9E-26301BC6BE8D}"
EndProject
Project("{FAE04EC0-301F-11D3-BF4B-00C04F79EFBC}") = "ConcurrencyAndTransaction", "ConcurrencyAndTransaction\ConcurrencyAndTransaction.csproj", "{1A4DD729-D956-4C97-B929-81C53749D06E}"
EndProject
Project("{2150E333-8FDC-42A3-9474-1A3956D46DE8}") = "DatabaseMigrations", "DatabaseMigrations", "{6C7D835F-08C2-49EE-8F09-314A3EF97F2E}"
EndProject
Project("{FAE04EC0-301F-11D3-BF4B-00C04F79EFBC}") = "Data", "Data\Data.csproj", "{3242B7C6-7FD8-4226-9608-828F34BAA4BC}"
EndProject
Project("{FAE04EC0-301F-11D3-BF4B-00C04F79EFBC}") = "DatabaswMigrationApp", "DatabaswMigrationApp\DatabaswMigrationApp.csproj", "{8C064A72-E726-4BC7-ACFE-AF73F1A850B2}"
EndProject
Project("{FAE04EC0-301F-11D3-BF4B-00C04F79EFBC}") = "BlogApp", "BlogApp\BlogApp.csproj", "{87FF4D6D-1E1E-46C2-B039-EC144EF73C46}"
EndProject
Project("{FAE04EC0-301F-11D3-BF4B-00C04F79EFBC}") = "BlogAppDAL", "BlogAppDAL\BlogAppDAL.csproj", "{01AA9288-BA84-4065-B022-26D2C4CB3295}"
EndProject
Project("{2150E333-8FDC-42A3-9474-1A3956D46DE8}") = "Blog", "Blog", "{C786D6FC-A193-47D2-82EE-F5DDD90BDDB8}"
EndProject
Global
	GlobalSection(SolutionConfigurationPlatforms) = preSolution
		Debug|Any CPU = Debug|Any CPU
		Release|Any CPU = Release|Any CPU
	EndGlobalSection
	GlobalSection(ProjectConfigurationPlatforms) = postSolution
		{C70872DC-90CF-420A-B5FC-7239D5947D10}.Debug|Any CPU.ActiveCfg = Debug|Any CPU
		{C70872DC-90CF-420A-B5FC-7239D5947D10}.Debug|Any CPU.Build.0 = Debug|Any CPU
		{C70872DC-90CF-420A-B5FC-7239D5947D10}.Release|Any CPU.ActiveCfg = Release|Any CPU
		{C70872DC-90CF-420A-B5FC-7239D5947D10}.Release|Any CPU.Build.0 = Release|Any CPU
		{C4C8CF8D-191B-4759-A89A-91DA32EDADC4}.Debug|Any CPU.ActiveCfg = Debug|Any CPU
		{C4C8CF8D-191B-4759-A89A-91DA32EDADC4}.Debug|Any CPU.Build.0 = Debug|Any CPU
		{C4C8CF8D-191B-4759-A89A-91DA32EDADC4}.Release|Any CPU.ActiveCfg = Release|Any CPU
		{C4C8CF8D-191B-4759-A89A-91DA32EDADC4}.Release|Any CPU.Build.0 = Release|Any CPU
		{151CFDB6-D9E4-42C1-8A9E-26301BC6BE8D}.Debug|Any CPU.ActiveCfg = Debug|Any CPU
		{151CFDB6-D9E4-42C1-8A9E-26301BC6BE8D}.Debug|Any CPU.Build.0 = Debug|Any CPU
		{151CFDB6-D9E4-42C1-8A9E-26301BC6BE8D}.Release|Any CPU.ActiveCfg = Release|Any CPU
		{151CFDB6-D9E4-42C1-8A9E-26301BC6BE8D}.Release|Any CPU.Build.0 = Release|Any CPU
		{1A4DD729-D956-4C97-B929-81C53749D06E}.Debug|Any CPU.ActiveCfg = Debug|Any CPU
		{1A4DD729-D956-4C97-B929-81C53749D06E}.Debug|Any CPU.Build.0 = Debug|Any CPU
		{1A4DD729-D956-4C97-B929-81C53749D06E}.Release|Any CPU.ActiveCfg = Release|Any CPU
		{1A4DD729-D956-4C97-B929-81C53749D06E}.Release|Any CPU.Build.0 = Release|Any CPU
		{3242B7C6-7FD8-4226-9608-828F34BAA4BC}.Debug|Any CPU.ActiveCfg = Debug|Any CPU
		{3242B7C6-7FD8-4226-9608-828F34BAA4BC}.Debug|Any CPU.Build.0 = Debug|Any CPU
		{3242B7C6-7FD8-4226-9608-828F34BAA4BC}.Release|Any CPU.ActiveCfg = Release|Any CPU
		{3242B7C6-7FD8-4226-9608-828F34BAA4BC}.Release|Any CPU.Build.0 = Release|Any CPU
		{8C064A72-E726-4BC7-ACFE-AF73F1A850B2}.Debug|Any CPU.ActiveCfg = Debug|Any CPU
		{8C064A72-E726-4BC7-ACFE-AF73F1A850B2}.Debug|Any CPU.Build.0 = Debug|Any CPU
		{8C064A72-E726-4BC7-ACFE-AF73F1A850B2}.Release|Any CPU.ActiveCfg = Release|Any CPU
		{8C064A72-E726-4BC7-ACFE-AF73F1A850B2}.Release|Any CPU.Build.0 = Release|Any CPU
		{87FF4D6D-1E1E-46C2-B039-EC144EF73C46}.Debug|Any CPU.ActiveCfg = Debug|Any CPU
		{87FF4D6D-1E1E-46C2-B039-EC144EF73C46}.Debug|Any CPU.Build.0 = Debug|Any CPU
		{87FF4D6D-1E1E-46C2-B039-EC144EF73C46}.Release|Any CPU.ActiveCfg = Release|Any CPU
		{87FF4D6D-1E1E-46C2-B039-EC144EF73C46}.Release|Any CPU.Build.0 = Release|Any CPU
		{01AA9288-BA84-4065-B022-26D2C4CB3295}.Debug|Any CPU.ActiveCfg = Debug|Any CPU
		{01AA9288-BA84-4065-B022-26D2C4CB3295}.Debug|Any CPU.Build.0 = Debug|Any CPU
		{01AA9288-BA84-4065-B022-26D2C4CB3295}.Release|Any CPU.ActiveCfg = Release|Any CPU
		{01AA9288-BA84-4065-B022-26D2C4CB3295}.Release|Any CPU.Build.0 = Release|Any CPU
	EndGlobalSection
	GlobalSection(SolutionProperties) = preSolution
		HideSolutionNode = FALSE
	EndGlobalSection
	GlobalSection(NestedProjects) = preSolution
		{3242B7C6-7FD8-4226-9608-828F34BAA4BC} = {6C7D835F-08C2-49EE-8F09-314A3EF97F2E}
		{8C064A72-E726-4BC7-ACFE-AF73F1A850B2} = {6C7D835F-08C2-49EE-8F09-314A3EF97F2E}
		{87FF4D6D-1E1E-46C2-B039-EC144EF73C46} = {C786D6FC-A193-47D2-82EE-F5DDD90BDDB8}
		{01AA9288-BA84-4065-B022-26D2C4CB3295} = {C786D6FC-A193-47D2-82EE-F5DDD90BDDB8}
	EndGlobalSection
EndGlobal
